// !$*UTF8*$!
{
	archiveVersion = 1;
	classes = {
	};
	objectVersion = 50;
	objects = {

/* Begin PBXBuildFile section */
		ECFBC169218037690011AF79 /* AppDelegate.swift in Sources */ = {isa = PBXBuildFile; fileRef = ECFBC168218037690011AF79 /* AppDelegate.swift */; };
		ECFBC16B218037690011AF79 /* ViewController.swift in Sources */ = {isa = PBXBuildFile; fileRef = ECFBC16A218037690011AF79 /* ViewController.swift */; };
		ECFBC16E218037690011AF79 /* Main.storyboard in Resources */ = {isa = PBXBuildFile; fileRef = ECFBC16C218037690011AF79 /* Main.storyboard */; };
		ECFBC1702180376F0011AF79 /* Assets.xcassets in Resources */ = {isa = PBXBuildFile; fileRef = ECFBC16F2180376F0011AF79 /* Assets.xcassets */; };
		ECFBC1732180376F0011AF79 /* LaunchScreen.storyboard in Resources */ = {isa = PBXBuildFile; fileRef = ECFBC1712180376F0011AF79 /* LaunchScreen.storyboard */; };
		ECFBC17E2180376F0011AF79 /* kindPointsTests.swift in Sources */ = {isa = PBXBuildFile; fileRef = ECFBC17D2180376F0011AF79 /* kindPointsTests.swift */; };
		ECFBC1892180376F0011AF79 /* kindPointsUITests.swift in Sources */ = {isa = PBXBuildFile; fileRef = ECFBC1882180376F0011AF79 /* kindPointsUITests.swift */; };
/* End PBXBuildFile section */

/* Begin PBXContainerItemProxy section */
		ECFBC17A2180376F0011AF79 /* PBXContainerItemProxy */ = {
			isa = PBXContainerItemProxy;
			containerPortal = ECFBC15D218037690011AF79 /* Project object */;
			proxyType = 1;
			remoteGlobalIDString = ECFBC164218037690011AF79;
			remoteInfo = kindPoints;
		};
		ECFBC1852180376F0011AF79 /* PBXContainerItemProxy */ = {
			isa = PBXContainerItemProxy;
			containerPortal = ECFBC15D218037690011AF79 /* Project object */;
			proxyType = 1;
			remoteGlobalIDString = ECFBC164218037690011AF79;
			remoteInfo = kindPoints;
		};
/* End PBXContainerItemProxy section */

/* Begin PBXFileReference section */
		ECFBC165218037690011AF79 /* kindPoints.app */ = {isa = PBXFileReference; explicitFileType = wrapper.application; includeInIndex = 0; path = kindPoints.app; sourceTree = BUILT_PRODUCTS_DIR; };
		ECFBC168218037690011AF79 /* AppDelegate.swift */ = {isa = PBXFileReference; lastKnownFileType = sourcecode.swift; path = AppDelegate.swift; sourceTree = "<group>"; };
		ECFBC16A218037690011AF79 /* ViewController.swift */ = {isa = PBXFileReference; lastKnownFileType = sourcecode.swift; path = ViewController.swift; sourceTree = "<group>"; };
		ECFBC16D218037690011AF79 /* Base */ = {isa = PBXFileReference; lastKnownFileType = file.storyboard; name = Base; path = Base.lproj/Main.storyboard; sourceTree = "<group>"; };
		ECFBC16F2180376F0011AF79 /* Assets.xcassets */ = {isa = PBXFileReference; lastKnownFileType = folder.assetcatalog; path = Assets.xcassets; sourceTree = "<group>"; };
		ECFBC1722180376F0011AF79 /* Base */ = {isa = PBXFileReference; lastKnownFileType = file.storyboard; name = Base; path = Base.lproj/LaunchScreen.storyboard; sourceTree = "<group>"; };
		ECFBC1742180376F0011AF79 /* Info.plist */ = {isa = PBXFileReference; lastKnownFileType = text.plist.xml; path = Info.plist; sourceTree = "<group>"; };
		ECFBC1792180376F0011AF79 /* kindPointsTests.xctest */ = {isa = PBXFileReference; explicitFileType = wrapper.cfbundle; includeInIndex = 0; path = kindPointsTests.xctest; sourceTree = BUILT_PRODUCTS_DIR; };
		ECFBC17D2180376F0011AF79 /* kindPointsTests.swift */ = {isa = PBXFileReference; lastKnownFileType = sourcecode.swift; path = kindPointsTests.swift; sourceTree = "<group>"; };
		ECFBC17F2180376F0011AF79 /* Info.plist */ = {isa = PBXFileReference; lastKnownFileType = text.plist.xml; path = Info.plist; sourceTree = "<group>"; };
		ECFBC1842180376F0011AF79 /* kindPointsUITests.xctest */ = {isa = PBXFileReference; explicitFileType = wrapper.cfbundle; includeInIndex = 0; path = kindPointsUITests.xctest; sourceTree = BUILT_PRODUCTS_DIR; };
		ECFBC1882180376F0011AF79 /* kindPointsUITests.swift */ = {isa = PBXFileReference; lastKnownFileType = sourcecode.swift; path = kindPointsUITests.swift; sourceTree = "<group>"; };
		ECFBC18A2180376F0011AF79 /* Info.plist */ = {isa = PBXFileReference; lastKnownFileType = text.plist.xml; path = Info.plist; sourceTree = "<group>"; };
/* End PBXFileReference section */

/* Begin PBXFrameworksBuildPhase section */
		ECFBC162218037690011AF79 /* Frameworks */ = {
			isa = PBXFrameworksBuildPhase;
			buildActionMask = 2147483647;
			files = (
			);
			runOnlyForDeploymentPostprocessing = 0;
		};
		ECFBC1762180376F0011AF79 /* Frameworks */ = {
			isa = PBXFrameworksBuildPhase;
			buildActionMask = 2147483647;
			files = (
			);
			runOnlyForDeploymentPostprocessing = 0;
		};
		ECFBC1812180376F0011AF79 /* Frameworks */ = {
			isa = PBXFrameworksBuildPhase;
			buildActionMask = 2147483647;
			files = (
			);
			runOnlyForDeploymentPostprocessing = 0;
		};
/* End PBXFrameworksBuildPhase section */

/* Begin PBXGroup section */
		ECFBC15C218037690011AF79 = {
			isa = PBXGroup;
			children = (
				ECFBC167218037690011AF79 /* kindPoints */,
				ECFBC17C2180376F0011AF79 /* kindPointsTests */,
				ECFBC1872180376F0011AF79 /* kindPointsUITests */,
				ECFBC166218037690011AF79 /* Products */,
			);
			sourceTree = "<group>";
		};
		ECFBC166218037690011AF79 /* Products */ = {
			isa = PBXGroup;
			children = (
				ECFBC165218037690011AF79 /* kindPoints.app */,
				ECFBC1792180376F0011AF79 /* kindPointsTests.xctest */,
				ECFBC1842180376F0011AF79 /* kindPointsUITests.xctest */,
			);
			name = Products;
			sourceTree = "<group>";
		};
		ECFBC167218037690011AF79 /* kindPoints */ = {
			isa = PBXGroup;
			children = (
				ECFBC168218037690011AF79 /* AppDelegate.swift */,
				ECFBC16A218037690011AF79 /* ViewController.swift */,
				ECFBC16C218037690011AF79 /* Main.storyboard */,
				ECFBC16F2180376F0011AF79 /* Assets.xcassets */,
				ECFBC1712180376F0011AF79 /* LaunchScreen.storyboard */,
				ECFBC1742180376F0011AF79 /* Info.plist */,
			);
			path = kindPoints;
			sourceTree = "<group>";
		};
		ECFBC17C2180376F0011AF79 /* kindPointsTests */ = {
			isa = PBXGroup;
			children = (
				ECFBC17D2180376F0011AF79 /* kindPointsTests.swift */,
				ECFBC17F2180376F0011AF79 /* Info.plist */,
			);
			path = kindPointsTests;
			sourceTree = "<group>";
		};
		ECFBC1872180376F0011AF79 /* kindPointsUITests */ = {
			isa = PBXGroup;
			children = (
				ECFBC1882180376F0011AF79 /* kindPointsUITests.swift */,
				ECFBC18A2180376F0011AF79 /* Info.plist */,
			);
			path = kindPointsUITests;
			sourceTree = "<group>";
		};
/* End PBXGroup section */

/* Begin PBXNativeTarget section */
		ECFBC164218037690011AF79 /* kindPoints */ = {
			isa = PBXNativeTarget;
			buildConfigurationList = ECFBC18D2180376F0011AF79 /* Build configuration list for PBXNativeTarget "kindPoints" */;
			buildPhases = (
				ECFBC161218037690011AF79 /* Sources */,
				ECFBC162218037690011AF79 /* Frameworks */,
				ECFBC163218037690011AF79 /* Resources */,
			);
			buildRules = (
			);
			dependencies = (
			);
			name = kindPoints;
			productName = kindPoints;
			productReference = ECFBC165218037690011AF79 /* kindPoints.app */;
			productType = "com.apple.product-type.application";
		};
		ECFBC1782180376F0011AF79 /* kindPointsTests */ = {
			isa = PBXNativeTarget;
			buildConfigurationList = ECFBC1902180376F0011AF79 /* Build configuration list for PBXNativeTarget "kindPointsTests" */;
			buildPhases = (
				ECFBC1752180376F0011AF79 /* Sources */,
				ECFBC1762180376F0011AF79 /* Frameworks */,
				ECFBC1772180376F0011AF79 /* Resources */,
			);
			buildRules = (
			);
			dependencies = (
				ECFBC17B2180376F0011AF79 /* PBXTargetDependency */,
			);
			name = kindPointsTests;
			productName = kindPointsTests;
			productReference = ECFBC1792180376F0011AF79 /* kindPointsTests.xctest */;
			productType = "com.apple.product-type.bundle.unit-test";
		};
		ECFBC1832180376F0011AF79 /* kindPointsUITests */ = {
			isa = PBXNativeTarget;
			buildConfigurationList = ECFBC1932180376F0011AF79 /* Build configuration list for PBXNativeTarget "kindPointsUITests" */;
			buildPhases = (
				ECFBC1802180376F0011AF79 /* Sources */,
				ECFBC1812180376F0011AF79 /* Frameworks */,
				ECFBC1822180376F0011AF79 /* Resources */,
			);
			buildRules = (
			);
			dependencies = (
				ECFBC1862180376F0011AF79 /* PBXTargetDependency */,
			);
			name = kindPointsUITests;
			productName = kindPointsUITests;
			productReference = ECFBC1842180376F0011AF79 /* kindPointsUITests.xctest */;
			productType = "com.apple.product-type.bundle.ui-testing";
		};
/* End PBXNativeTarget section */

/* Begin PBXProject section */
		ECFBC15D218037690011AF79 /* Project object */ = {
			isa = PBXProject;
			attributes = {
				LastSwiftUpdateCheck = 1000;
				LastUpgradeCheck = 1000;
				ORGANIZATIONNAME = "Deekshith Maram";
				TargetAttributes = {
					ECFBC164218037690011AF79 = {
						CreatedOnToolsVersion = 10.0;
					};
					ECFBC1782180376F0011AF79 = {
						CreatedOnToolsVersion = 10.0;
						TestTargetID = ECFBC164218037690011AF79;
					};
					ECFBC1832180376F0011AF79 = {
						CreatedOnToolsVersion = 10.0;
						TestTargetID = ECFBC164218037690011AF79;
					};
				};
			};
			buildConfigurationList = ECFBC160218037690011AF79 /* Build configuration list for PBXProject "kindPoints" */;
			compatibilityVersion = "Xcode 9.3";
			developmentRegion = en;
			hasScannedForEncodings = 0;
			knownRegions = (
				en,
				Base,
			);
			mainGroup = ECFBC15C218037690011AF79;
			productRefGroup = ECFBC166218037690011AF79 /* Products */;
			projectDirPath = "";
			projectRoot = "";
			targets = (
				ECFBC164218037690011AF79 /* kindPoints */,
				ECFBC1782180376F0011AF79 /* kindPointsTests */,
				ECFBC1832180376F0011AF79 /* kindPointsUITests */,
			);
		};
/* End PBXProject section */

/* Begin PBXResourcesBuildPhase section */
		ECFBC163218037690011AF79 /* Resources */ = {
			isa = PBXResourcesBuildPhase;
			buildActionMask = 2147483647;
			files = (
				ECFBC1732180376F0011AF79 /* LaunchScreen.storyboard in Resources */,
				ECFBC1702180376F0011AF79 /* Assets.xcassets in Resources */,
				ECFBC16E218037690011AF79 /* Main.storyboard in Resources */,
			);
			runOnlyForDeploymentPostprocessing = 0;
		};
		ECFBC1772180376F0011AF79 /* Resources */ = {
			isa = PBXResourcesBuildPhase;
			buildActionMask = 2147483647;
			files = (
			);
			runOnlyForDeploymentPostprocessing = 0;
		};
		ECFBC1822180376F0011AF79 /* Resources */ = {
			isa = PBXResourcesBuildPhase;
			buildActionMask = 2147483647;
			files = (
			);
			runOnlyForDeploymentPostprocessing = 0;
		};
/* End PBXResourcesBuildPhase section */

/* Begin PBXSourcesBuildPhase section */
		ECFBC161218037690011AF79 /* Sources */ = {
			isa = PBXSourcesBuildPhase;
			buildActionMask = 2147483647;
			files = (
				ECFBC16B218037690011AF79 /* ViewController.swift in Sources */,
				ECFBC169218037690011AF79 /* AppDelegate.swift in Sources */,
			);
			runOnlyForDeploymentPostprocessing = 0;
		};
		ECFBC1752180376F0011AF79 /* Sources */ = {
			isa = PBXSourcesBuildPhase;
			buildActionMask = 2147483647;
			files = (
				ECFBC17E2180376F0011AF79 /* kindPointsTests.swift in Sources */,
			);
			runOnlyForDeploymentPostprocessing = 0;
		};
		ECFBC1802180376F0011AF79 /* Sources */ = {
			isa = PBXSourcesBuildPhase;
			buildActionMask = 2147483647;
			files = (
				ECFBC1892180376F0011AF79 /* kindPointsUITests.swift in Sources */,
			);
			runOnlyForDeploymentPostprocessing = 0;
		};
/* End PBXSourcesBuildPhase section */

/* Begin PBXTargetDependency section */
		ECFBC17B2180376F0011AF79 /* PBXTargetDependency */ = {
			isa = PBXTargetDependency;
			target = ECFBC164218037690011AF79 /* kindPoints */;
			targetProxy = ECFBC17A2180376F0011AF79 /* PBXContainerItemProxy */;
		};
		ECFBC1862180376F0011AF79 /* PBXTargetDependency */ = {
			isa = PBXTargetDependency;
			target = ECFBC164218037690011AF79 /* kindPoints */;
			targetProxy = ECFBC1852180376F0011AF79 /* PBXContainerItemProxy */;
		};
/* End PBXTargetDependency section */

/* Begin PBXVariantGroup section */
		ECFBC16C218037690011AF79 /* Main.storyboard */ = {
			isa = PBXVariantGroup;
			children = (
				ECFBC16D218037690011AF79 /* Base */,
			);
			name = Main.storyboard;
			sourceTree = "<group>";
		};
		ECFBC1712180376F0011AF79 /* LaunchScreen.storyboard */ = {
			isa = PBXVariantGroup;
			children = (
				ECFBC1722180376F0011AF79 /* Base */,
			);
			name = LaunchScreen.storyboard;
			sourceTree = "<group>";
		};
/* End PBXVariantGroup section */

/* Begin XCBuildConfiguration section */
		ECFBC18B2180376F0011AF79 /* Debug */ = {
			isa = XCBuildConfiguration;
			buildSettings = {
				ALWAYS_SEARCH_USER_PATHS = NO;
				CLANG_ANALYZER_NONNULL = YES;
				CLANG_ANALYZER_NUMBER_OBJECT_CONVERSION = YES_AGGRESSIVE;
				CLANG_CXX_LANGUAGE_STANDARD = "gnu++14";
				CLANG_CXX_LIBRARY = "libc++";
				CLANG_ENABLE_MODULES = YES;
				CLANG_ENABLE_OBJC_ARC = YES;
				CLANG_ENABLE_OBJC_WEAK = YES;
				CLANG_WARN_BLOCK_CAPTURE_AUTORELEASING = YES;
				CLANG_WARN_BOOL_CONVERSION = YES;
				CLANG_WARN_COMMA = YES;
				CLANG_WARN_CONSTANT_CONVERSION = YES;
				CLANG_WARN_DEPRECATED_OBJC_IMPLEMENTATIONS = YES;
				CLANG_WARN_DIRECT_OBJC_ISA_USAGE = YES_ERROR;
				CLANG_WARN_DOCUMENTATION_COMMENTS = YES;
				CLANG_WARN_EMPTY_BODY = YES;
				CLANG_WARN_ENUM_CONVERSION = YES;
				CLANG_WARN_INFINITE_RECURSION = YES;
				CLANG_WARN_INT_CONVERSION = YES;
				CLANG_WARN_NON_LITERAL_NULL_CONVERSION = YES;
				CLANG_WARN_OBJC_IMPLICIT_RETAIN_SELF = YES;
				CLANG_WARN_OBJC_LITERAL_CONVERSION = YES;
				CLANG_WARN_OBJC_ROOT_CLASS = YES_ERROR;
				CLANG_WARN_RANGE_LOOP_ANALYSIS = YES;
				CLANG_WARN_STRICT_PROTOTYPES = YES;
				CLANG_WARN_SUSPICIOUS_MOVE = YES;
				CLANG_WARN_UNGUARDED_AVAILABILITY = YES_AGGRESSIVE;
				CLANG_WARN_UNREACHABLE_CODE = YES;
				CLANG_WARN__DUPLICATE_METHOD_MATCH = YES;
				CODE_SIGN_IDENTITY = "iPhone Developer";
				COPY_PHASE_STRIP = NO;
				DEBUG_INFORMATION_FORMAT = dwarf;
				ENABLE_STRICT_OBJC_MSGSEND = YES;
				ENABLE_TESTABILITY = YES;
				GCC_C_LANGUAGE_STANDARD = gnu11;
				GCC_DYNAMIC_NO_PIC = NO;
				GCC_NO_COMMON_BLOCKS = YES;
				GCC_OPTIMIZATION_LEVEL = 0;
				GCC_PREPROCESSOR_DEFINITIONS = (
					"DEBUG=1",
					"$(inherited)",
				);
				GCC_WARN_64_TO_32_BIT_CONVERSION = YES;
				GCC_WARN_ABOUT_RETURN_TYPE = YES_ERROR;
				GCC_WARN_UNDECLARED_SELECTOR = YES;
				GCC_WARN_UNINITIALIZED_AUTOS = YES_AGGRESSIVE;
				GCC_WARN_UNUSED_FUNCTION = YES;
				GCC_WARN_UNUSED_VARIABLE = YES;
				IPHONEOS_DEPLOYMENT_TARGET = 12.0;
				MTL_ENABLE_DEBUG_INFO = INCLUDE_SOURCE;
				MTL_FAST_MATH = YES;
				ONLY_ACTIVE_ARCH = YES;
				SDKROOT = iphoneos;
				SWIFT_ACTIVE_COMPILATION_CONDITIONS = DEBUG;
				SWIFT_OPTIMIZATION_LEVEL = "-Onone";
			};
			name = Debug;
		};
		ECFBC18C2180376F0011AF79 /* Release */ = {
			isa = XCBuildConfiguration;
			buildSettings = {
				ALWAYS_SEARCH_USER_PATHS = NO;
				CLANG_ANALYZER_NONNULL = YES;
				CLANG_ANALYZER_NUMBER_OBJECT_CONVERSION = YES_AGGRESSIVE;
				CLANG_CXX_LANGUAGE_STANDARD = "gnu++14";
				CLANG_CXX_LIBRARY = "libc++";
				CLANG_ENABLE_MODULES = YES;
				CLANG_ENABLE_OBJC_ARC = YES;
				CLANG_ENABLE_OBJC_WEAK = YES;
				CLANG_WARN_BLOCK_CAPTURE_AUTORELEASING = YES;
				CLANG_WARN_BOOL_CONVERSION = YES;
				CLANG_WARN_COMMA = YES;
				CLANG_WARN_CONSTANT_CONVERSION = YES;
				CLANG_WARN_DEPRECATED_OBJC_IMPLEMENTATIONS = YES;
				CLANG_WARN_DIRECT_OBJC_ISA_USAGE = YES_ERROR;
				CLANG_WARN_DOCUMENTATION_COMMENTS = YES;
				CLANG_WARN_EMPTY_BODY = YES;
				CLANG_WARN_ENUM_CONVERSION = YES;
				CLANG_WARN_INFINITE_RECURSION = YES;
				CLANG_WARN_INT_CONVERSION = YES;
				CLANG_WARN_NON_LITERAL_NULL_CONVERSION = YES;
				CLANG_WARN_OBJC_IMPLICIT_RETAIN_SELF = YES;
				CLANG_WARN_OBJC_LITERAL_CONVERSION = YES;
				CLANG_WARN_OBJC_ROOT_CLASS = YES_ERROR;
				CLANG_WARN_RANGE_LOOP_ANALYSIS = YES;
				CLANG_WARN_STRICT_PROTOTYPES = YES;
				CLANG_WARN_SUSPICIOUS_MOVE = YES;
				CLANG_WARN_UNGUARDED_AVAILABILITY = YES_AGGRESSIVE;
				CLANG_WARN_UNREACHABLE_CODE = YES;
				CLANG_WARN__DUPLICATE_METHOD_MATCH = YES;
				CODE_SIGN_IDENTITY = "iPhone Developer";
				COPY_PHASE_STRIP = NO;
				DEBUG_INFORMATION_FORMAT = "dwarf-with-dsym";
				ENABLE_NS_ASSERTIONS = NO;
				ENABLE_STRICT_OBJC_MSGSEND = YES;
				GCC_C_LANGUAGE_STANDARD = gnu11;
				GCC_NO_COMMON_BLOCKS = YES;
				GCC_WARN_64_TO_32_BIT_CONVERSION = YES;
				GCC_WARN_ABOUT_RETURN_TYPE = YES_ERROR;
				GCC_WARN_UNDECLARED_SELECTOR = YES;
				GCC_WARN_UNINITIALIZED_AUTOS = YES_AGGRESSIVE;
				GCC_WARN_UNUSED_FUNCTION = YES;
				GCC_WARN_UNUSED_VARIABLE = YES;
				IPHONEOS_DEPLOYMENT_TARGET = 12.0;
				MTL_ENABLE_DEBUG_INFO = NO;
				MTL_FAST_MATH = YES;
				SDKROOT = iphoneos;
				SWIFT_COMPILATION_MODE = wholemodule;
				SWIFT_OPTIMIZATION_LEVEL = "-O";
				VALIDATE_PRODUCT = YES;
			};
			name = Release;
		};
		ECFBC18E2180376F0011AF79 /* Debug */ = {
			isa = XCBuildConfiguration;
			buildSettings = {
				ASSETCATALOG_COMPILER_APPICON_NAME = AppIcon;
				CODE_SIGN_STYLE = Automatic;
				DEVELOPMENT_TEAM = LXSYXZEXM9;
				INFOPLIST_FILE = kindPoints/Info.plist;
				LD_RUNPATH_SEARCH_PATHS = (
					"$(inherited)",
					"@executable_path/Frameworks",
				);
				PRODUCT_BUNDLE_IDENTIFIER = com.maguresoftwares.kindPoints;
				PRODUCT_NAME = "$(TARGET_NAME)";
				SWIFT_VERSION = 4.2;
				TARGETED_DEVICE_FAMILY = "1,2";
			};
			name = Debug;
		};
		ECFBC18F2180376F0011AF79 /* Release */ = {
			isa = XCBuildConfiguration;
			buildSettings = {
				ASSETCATALOG_COMPILER_APPICON_NAME = AppIcon;
				CODE_SIGN_STYLE = Automatic;
				DEVELOPMENT_TEAM = LXSYXZEXM9;
				INFOPLIST_FILE = kindPoints/Info.plist;
				LD_RUNPATH_SEARCH_PATHS = (
					"$(inherited)",
					"@executable_path/Frameworks",
				);
				PRODUCT_BUNDLE_IDENTIFIER = com.maguresoftwares.kindPoints;
				PRODUCT_NAME = "$(TARGET_NAME)";
				SWIFT_VERSION = 4.2;
				TARGETED_DEVICE_FAMILY = "1,2";
			};
			name = Release;
		};
		ECFBC1912180376F0011AF79 /* Debug */ = {
			isa = XCBuildConfiguration;
			buildSettings = {
				ALWAYS_EMBED_SWIFT_STANDARD_LIBRARIES = YES;
				BUNDLE_LOADER = "$(TEST_HOST)";
				CODE_SIGN_STYLE = Automatic;
				DEVELOPMENT_TEAM = LXSYXZEXM9;
				INFOPLIST_FILE = kindPointsTests/Info.plist;
				LD_RUNPATH_SEARCH_PATHS = (
					"$(inherited)",
					"@executable_path/Frameworks",
					"@loader_path/Frameworks",
				);
				PRODUCT_BUNDLE_IDENTIFIER = com.maguresoftwares.kindPointsTests;
				PRODUCT_NAME = "$(TARGET_NAME)";
				SWIFT_VERSION = 4.2;
				TARGETED_DEVICE_FAMILY = "1,2";
				TEST_HOST = "$(BUILT_PRODUCTS_DIR)/kindPoints.app/kindPoints";
			};
			name = Debug;
		};
		ECFBC1922180376F0011AF79 /* Release */ = {
			isa = XCBuildConfiguration;
			buildSettings = {
				ALWAYS_EMBED_SWIFT_STANDARD_LIBRARIES = YES;
				BUNDLE_LOADER = "$(TEST_HOST)";
				CODE_SIGN_STYLE = Automatic;
				DEVELOPMENT_TEAM = LXSYXZEXM9;
				INFOPLIST_FILE = kindPointsTests/Info.plist;
				LD_RUNPATH_SEARCH_PATHS = (
					"$(inherited)",
					"@executable_path/Frameworks",
					"@loader_path/Frameworks",
				);
				PRODUCT_BUNDLE_IDENTIFIER = com.maguresoftwares.kindPointsTests;
				PRODUCT_NAME = "$(TARGET_NAME)";
				SWIFT_VERSION = 4.2;
				TARGETED_DEVICE_FAMILY = "1,2";
				TEST_HOST = "$(BUILT_PRODUCTS_DIR)/kindPoints.app/kindPoints";
			};
			name = Release;
		};
		ECFBC1942180376F0011AF79 /* Debug */ = {
			isa = XCBuildConfiguration;
			buildSettings = {
				ALWAYS_EMBED_SWIFT_STANDARD_LIBRARIES = YES;
				CODE_SIGN_STYLE = Automatic;
				DEVELOPMENT_TEAM = LXSYXZEXM9;
				INFOPLIST_FILE = kindPointsUITests/Info.plist;
				LD_RUNPATH_SEARCH_PATHS = (
					"$(inherited)",
					"@executable_path/Frameworks",
					"@loader_path/Frameworks",
				);
				PRODUCT_BUNDLE_IDENTIFIER = com.maguresoftwares.kindPointsUITests;
				PRODUCT_NAME = "$(TARGET_NAME)";
				SWIFT_VERSION = 4.2;
				TARGETED_DEVICE_FAMILY = "1,2";
				TEST_TARGET_NAME = kindPoints;
			};
			name = Debug;
		};
		ECFBC1952180376F0011AF79 /* Release */ = {
			isa = XCBuildConfiguration;
			buildSettings = {
				ALWAYS_EMBED_SWIFT_STANDARD_LIBRARIES = YES;
				CODE_SIGN_STYLE = Automatic;
				DEVELOPMENT_TEAM = LXSYXZEXM9;
				INFOPLIST_FILE = kindPointsUITests/Info.plist;
				LD_RUNPATH_SEARCH_PATHS = (
					"$(inherited)",
					"@executable_path/Frameworks",
					"@loader_path/Frameworks",
				);
				PRODUCT_BUNDLE_IDENTIFIER = com.maguresoftwares.kindPointsUITests;
				PRODUCT_NAME = "$(TARGET_NAME)";
				SWIFT_VERSION = 4.2;
				TARGETED_DEVICE_FAMILY = "1,2";
				TEST_TARGET_NAME = kindPoints;
			};
			name = Release;
		};
/* End XCBuildConfiguration section */

/* Begin XCConfigurationList section */
		ECFBC160218037690011AF79 /* Build configuration list for PBXProject "kindPoints" */ = {
			isa = XCConfigurationList;
			buildConfigurations = (
				ECFBC18B2180376F0011AF79 /* Debug */,
				ECFBC18C2180376F0011AF79 /* Release */,
			);
			defaultConfigurationIsVisible = 0;
			defaultConfigurationName = Release;
		};
		ECFBC18D2180376F0011AF79 /* Build configuration list for PBXNativeTarget "kindPoints" */ = {
			isa = XCConfigurationList;
			buildConfigurations = (
				ECFBC18E2180376F0011AF79 /* Debug */,
				ECFBC18F2180376F0011AF79 /* Release */,
			);
			defaultConfigurationIsVisible = 0;
			defaultConfigurationName = Release;
		};
		ECFBC1902180376F0011AF79 /* Build configuration list for PBXNativeTarget "kindPointsTests" */ = {
			isa = XCConfigurationList;
			buildConfigurations = (
				ECFBC1912180376F0011AF79 /* Debug */,
				ECFBC1922180376F0011AF79 /* Release */,
			);
			defaultConfigurationIsVisible = 0;
			defaultConfigurationName = Release;
		};
		ECFBC1932180376F0011AF79 /* Build configuration list for PBXNativeTarget "kindPointsUITests" */ = {
			isa = XCConfigurationList;
			buildConfigurations = (
				ECFBC1942180376F0011AF79 /* Debug */,
				ECFBC1952180376F0011AF79 /* Release */,
			);
			defaultConfigurationIsVisible = 0;
			defaultConfigurationName = Release;
		};
/* End XCConfigurationList section */
	};
	rootObject = ECFBC15D218037690011AF79 /* Project object */;
}
